
Microsoft Visual Studio Solution File, Format Version 12.00
# Visual Studio Version 17
VisualStudioVersion = 17.8.34525.116
MinimumVisualStudioVersion = 10.0.40219.1
Project("{FAE04EC0-301F-11D3-BF4B-00C04F79EFBC}") = "ProductManagementSPA", "ProductManagementSPA.csproj", "{6919D026-1EE2-4179-9F7E-7CFD666831D0}"
EndProject
Project("{FAE04EC0-301F-11D3-BF4B-00C04F79EFBC}") = "PM_BLL", "..\PM_BLL\PM_BLL.csproj", "{B3D960EE-0596-4450-832A-095AC7ABFE0A}"
EndProject
Project("{FAE04EC0-301F-11D3-BF4B-00C04F79EFBC}") = "PM_DAL", "..\PM_DAL\PM_DAL.csproj", "{3705A2A7-B84F-4F7A-9C9E-BC065A503A96}"
EndProject
Global
	GlobalSection(SolutionConfigurationPlatforms) = preSolution
		Debug|Any CPU = Debug|Any CPU
		Release|Any CPU = Release|Any CPU
	EndGlobalSection
	GlobalSection(ProjectConfigurationPlatforms) = postSolution
		{6919D026-1EE2-4179-9F7E-7CFD666831D0}.Debug|Any CPU.ActiveCfg = Debug|Any CPU
		{6919D026-1EE2-4179-9F7E-7CFD666831D0}.Debug|Any CPU.Build.0 = Debug|Any CPU
		{6919D026-1EE2-4179-9F7E-7CFD666831D0}.Release|Any CPU.ActiveCfg = Release|Any CPU
		{6919D026-1EE2-4179-9F7E-7CFD666831D0}.Release|Any CPU.Build.0 = Release|Any CPU
		{B3D960EE-0596-4450-832A-095AC7ABFE0A}.Debug|Any CPU.ActiveCfg = Debug|Any CPU
		{B3D960EE-0596-4450-832A-095AC7ABFE0A}.Debug|Any CPU.Build.0 = Debug|Any CPU
		{B3D960EE-0596-4450-832A-095AC7ABFE0A}.Release|Any CPU.ActiveCfg = Release|Any CPU
		{B3D960EE-0596-4450-832A-095AC7ABFE0A}.Release|Any CPU.Build.0 = Release|Any CPU
		{3705A2A7-B84F-4F7A-9C9E-BC065A503A96}.Debug|Any CPU.ActiveCfg = Debug|Any CPU
		{3705A2A7-B84F-4F7A-9C9E-BC065A503A96}.Debug|Any CPU.Build.0 = Debug|Any CPU
		{3705A2A7-B84F-4F7A-9C9E-BC065A503A96}.Release|Any CPU.ActiveCfg = Release|Any CPU
		{3705A2A7-B84F-4F7A-9C9E-BC065A503A96}.Release|Any CPU.Build.0 = Release|Any CPU
	EndGlobalSection
	GlobalSection(SolutionProperties) = preSolution
		HideSolutionNode = FALSE
	EndGlobalSection
	GlobalSection(ExtensibilityGlobals) = postSolution
		SolutionGuid = {5A9343D5-FD34-489C-81DF-131CAD152B0C}
	EndGlobalSection
EndGlobal
